
Microsoft Visual Studio Solution File, Format Version 12.00
# Visual Studio Version 16
VisualStudioVersion = 16.0.29306.81
MinimumVisualStudioVersion = 10.0.40219.1
Project("{FAE04EC0-301F-11D3-BF4B-00C04F79EFBC}") = "BACS380UDPServer", "BACS380UDPServer\BACS380UDPServer.csproj", "{3BA6B8B7-83DE-4E56-BD8F-635867B64AA5}"
EndProject
Global
	GlobalSection(SolutionConfigurationPlatforms) = preSolution
		Debug|Any CPU = Debug|Any CPU
		Release|Any CPU = Release|Any CPU
	EndGlobalSection
	GlobalSection(ProjectConfigurationPlatforms) = postSolution
		{3BA6B8B7-83DE-4E56-BD8F-635867B64AA5}.Debug|Any CPU.ActiveCfg = Debug|Any CPU
		{3BA6B8B7-83DE-4E56-BD8F-635867B64AA5}.Debug|Any CPU.Build.0 = Debug|Any CPU
		{3BA6B8B7-83DE-4E56-BD8F-635867B64AA5}.Release|Any CPU.ActiveCfg = Release|Any CPU
		{3BA6B8B7-83DE-4E56-BD8F-635867B64AA5}.Release|Any CPU.Build.0 = Release|Any CPU
	EndGlobalSection
	GlobalSection(SolutionProperties) = preSolution
		HideSolutionNode = FALSE
	EndGlobalSection
	GlobalSection(ExtensibilityGlobals) = postSolution
		SolutionGuid = {7069B785-1CAE-4329-AFD0-24BD3D1746A6}
	EndGlobalSection
EndGlobal
